
Microsoft Visual Studio Solution File, Format Version 12.00
# Visual Studio Version 17
VisualStudioVersion = 17.9.34728.123
MinimumVisualStudioVersion = 10.0.40219.1
Project("{FAE04EC0-301F-11D3-BF4B-00C04F79EFBC}") = "BinanceTradingMonitoring", "BinanceTradingMonitoring\BinanceTradingMonitoring.csproj", "{59B2E841-F695-46C2-B610-C1B3D09B047F}"
EndProject
Global
	GlobalSection(SolutionConfigurationPlatforms) = preSolution
		Debug|Any CPU = Debug|Any CPU
		Release|Any CPU = Release|Any CPU
	EndGlobalSection
	GlobalSection(ProjectConfigurationPlatforms) = postSolution
		{59B2E841-F695-46C2-B610-C1B3D09B047F}.Debug|Any CPU.ActiveCfg = Debug|Any CPU
		{59B2E841-F695-46C2-B610-C1B3D09B047F}.Debug|Any CPU.Build.0 = Debug|Any CPU
		{59B2E841-F695-46C2-B610-C1B3D09B047F}.Release|Any CPU.ActiveCfg = Release|Any CPU
		{59B2E841-F695-46C2-B610-C1B3D09B047F}.Release|Any CPU.Build.0 = Release|Any CPU
	EndGlobalSection
	GlobalSection(SolutionProperties) = preSolution
		HideSolutionNode = FALSE
	EndGlobalSection
	GlobalSection(ExtensibilityGlobals) = postSolution
		SolutionGuid = {5C1215B1-AB3A-4AF5-83C7-13BC3B0DF6F1}
	EndGlobalSection
EndGlobal
